
Microsoft Visual Studio Solution File, Format Version 12.00
# Visual Studio Version 17
VisualStudioVersion = 17.7.33927.210
MinimumVisualStudioVersion = 10.0.40219.1
Project("{FAE04EC0-301F-11D3-BF4B-00C04F79EFBC}") = "PokeApp", "PokeApp\PokeApp.csproj", "{6C907929-5FFA-491F-B435-B23732437B60}"
EndProject
Global
	GlobalSection(SolutionConfigurationPlatforms) = preSolution
		Debug|Any CPU = Debug|Any CPU
		Release|Any CPU = Release|Any CPU
	EndGlobalSection
	GlobalSection(ProjectConfigurationPlatforms) = postSolution
		{6C907929-5FFA-491F-B435-B23732437B60}.Debug|Any CPU.ActiveCfg = Debug|Any CPU
		{6C907929-5FFA-491F-B435-B23732437B60}.Debug|Any CPU.Build.0 = Debug|Any CPU
		{6C907929-5FFA-491F-B435-B23732437B60}.Debug|Any CPU.Deploy.0 = Debug|Any CPU
		{6C907929-5FFA-491F-B435-B23732437B60}.Release|Any CPU.ActiveCfg = Release|Any CPU
		{6C907929-5FFA-491F-B435-B23732437B60}.Release|Any CPU.Build.0 = Release|Any CPU
		{6C907929-5FFA-491F-B435-B23732437B60}.Release|Any CPU.Deploy.0 = Release|Any CPU
	EndGlobalSection
	GlobalSection(SolutionProperties) = preSolution
		HideSolutionNode = FALSE
	EndGlobalSection
	GlobalSection(ExtensibilityGlobals) = postSolution
		SolutionGuid = {6956A6EF-FB30-4E08-8AAF-6AEB1126FD28}
	EndGlobalSection
EndGlobal
